
Microsoft Visual Studio Solution File, Format Version 11.00
# Visual Studio 2010
Project("{FAE04EC0-301F-11D3-BF4B-00C04F79EFBC}") = "GlobusNet", "GlobusNet\GlobusNet.csproj", "{083A7F34-725B-4130-B494-1491754D145D}"
EndProject
Global
	GlobalSection(SolutionConfigurationPlatforms) = preSolution
		Debug|x86 = Debug|x86
		Release|x86 = Release|x86
	EndGlobalSection
	GlobalSection(ProjectConfigurationPlatforms) = postSolution
		{083A7F34-725B-4130-B494-1491754D145D}.Debug|x86.ActiveCfg = Debug|x86
		{083A7F34-725B-4130-B494-1491754D145D}.Debug|x86.Build.0 = Debug|x86
		{083A7F34-725B-4130-B494-1491754D145D}.Release|x86.ActiveCfg = Release|x86
		{083A7F34-725B-4130-B494-1491754D145D}.Release|x86.Build.0 = Release|x86
	EndGlobalSection
	GlobalSection(SolutionProperties) = preSolution
		HideSolutionNode = FALSE
	EndGlobalSection
EndGlobal
